
Microsoft Visual Studio Solution File, Format Version 12.00
# Visual Studio Version 16
VisualStudioVersion = 25.0.1705.4
MinimumVisualStudioVersion = 10.0.40219.1
Project("{FAE04EC0-301F-11D3-BF4B-00C04F79EFBC}") = "MeLevaAi.Api", "MeLevaAi.Api\MeLevaAi.Api.csproj", "{CDAA997F-3F8A-4D85-9EBE-5868686C5535}"
EndProject
Global
	GlobalSection(SolutionConfigurationPlatforms) = preSolution
		Debug|Any CPU = Debug|Any CPU
		Release|Any CPU = Release|Any CPU
	EndGlobalSection
	GlobalSection(ProjectConfigurationPlatforms) = postSolution
		{CDAA997F-3F8A-4D85-9EBE-5868686C5535}.Debug|Any CPU.ActiveCfg = Debug|Any CPU
		{CDAA997F-3F8A-4D85-9EBE-5868686C5535}.Debug|Any CPU.Build.0 = Debug|Any CPU
		{CDAA997F-3F8A-4D85-9EBE-5868686C5535}.Release|Any CPU.ActiveCfg = Release|Any CPU
		{CDAA997F-3F8A-4D85-9EBE-5868686C5535}.Release|Any CPU.Build.0 = Release|Any CPU
	EndGlobalSection
	GlobalSection(SolutionProperties) = preSolution
		HideSolutionNode = FALSE
	EndGlobalSection
	GlobalSection(ExtensibilityGlobals) = postSolution
		SolutionGuid = {6CA6AAB1-5086-4C58-A07B-A6E6A42096F7}
	EndGlobalSection
EndGlobal
